
Microsoft Visual Studio Solution File, Format Version 12.00
# Visual Studio Version 17
VisualStudioVersion = 17.0.31903.59
MinimumVisualStudioVersion = 10.0.40219.1
Project("{FAE04EC0-301F-11D3-BF4B-00C04F79EFBC}") = "Unity_Inventory.Database", "Unity_Inventory.Database\Unity_Inventory.Database.csproj", "{E89BF8C4-B9CA-4392-ACCE-A78F6FDAB9DA}"
EndProject
Project("{FAE04EC0-301F-11D3-BF4B-00C04F79EFBC}") = "Unity_Inventory.Shared", "Unity_Inventory.Shared\Unity_Inventory.Shared.csproj", "{7A164A22-14D0-4428-B9D1-8C5E38A2C9E7}"
EndProject
Project("{FAE04EC0-301F-11D3-BF4B-00C04F79EFBC}") = "Unity_Inventory.Domain", "Unity_Inventory.Domain\Unity_Inventory.Domain.csproj", "{A310BAA5-435E-480C-91E0-250FDA447E49}"
EndProject
Project("{FAE04EC0-301F-11D3-BF4B-00C04F79EFBC}") = "Unity_Inventory.WebApp", "Unity_Inventory.WebApp\Unity_Inventory.WebApp.csproj", "{18BDDC32-0933-4E5D-A887-4E8CBED395F2}"
EndProject
Project("{FAE04EC0-301F-11D3-BF4B-00C04F79EFBC}") = "Unity_Inventory.Seeder", "Unity_Inventory.Seeder\Unity_Inventory.Seeder.csproj", "{85407BB1-83D8-4208-BCF4-480F3A0C87D9}"
EndProject
Project("{FAE04EC0-301F-11D3-BF4B-00C04F79EFBC}") = "Unity_Inventory.Api", "Unity_Inventory.Api\Unity_Inventory.Api.csproj", "{094DA2F6-DE14-4FB1-B28C-3B1AEBD54135}"
EndProject
Global
	GlobalSection(SolutionConfigurationPlatforms) = preSolution
		Debug|Any CPU = Debug|Any CPU
		Debug|x64 = Debug|x64
		Debug|x86 = Debug|x86
		Release|Any CPU = Release|Any CPU
		Release|x64 = Release|x64
		Release|x86 = Release|x86
	EndGlobalSection
	GlobalSection(ProjectConfigurationPlatforms) = postSolution
		{E89BF8C4-B9CA-4392-ACCE-A78F6FDAB9DA}.Debug|Any CPU.ActiveCfg = Debug|Any CPU
		{E89BF8C4-B9CA-4392-ACCE-A78F6FDAB9DA}.Debug|Any CPU.Build.0 = Debug|Any CPU
		{E89BF8C4-B9CA-4392-ACCE-A78F6FDAB9DA}.Debug|x64.ActiveCfg = Debug|Any CPU
		{E89BF8C4-B9CA-4392-ACCE-A78F6FDAB9DA}.Debug|x64.Build.0 = Debug|Any CPU
		{E89BF8C4-B9CA-4392-ACCE-A78F6FDAB9DA}.Debug|x86.ActiveCfg = Debug|Any CPU
		{E89BF8C4-B9CA-4392-ACCE-A78F6FDAB9DA}.Debug|x86.Build.0 = Debug|Any CPU
		{E89BF8C4-B9CA-4392-ACCE-A78F6FDAB9DA}.Release|Any CPU.ActiveCfg = Release|Any CPU
		{E89BF8C4-B9CA-4392-ACCE-A78F6FDAB9DA}.Release|Any CPU.Build.0 = Release|Any CPU
		{E89BF8C4-B9CA-4392-ACCE-A78F6FDAB9DA}.Release|x64.ActiveCfg = Release|Any CPU
		{E89BF8C4-B9CA-4392-ACCE-A78F6FDAB9DA}.Release|x64.Build.0 = Release|Any CPU
		{E89BF8C4-B9CA-4392-ACCE-A78F6FDAB9DA}.Release|x86.ActiveCfg = Release|Any CPU
		{E89BF8C4-B9CA-4392-ACCE-A78F6FDAB9DA}.Release|x86.Build.0 = Release|Any CPU
		{7A164A22-14D0-4428-B9D1-8C5E38A2C9E7}.Debug|Any CPU.ActiveCfg = Debug|Any CPU
		{7A164A22-14D0-4428-B9D1-8C5E38A2C9E7}.Debug|Any CPU.Build.0 = Debug|Any CPU
		{7A164A22-14D0-4428-B9D1-8C5E38A2C9E7}.Debug|x64.ActiveCfg = Debug|Any CPU
		{7A164A22-14D0-4428-B9D1-8C5E38A2C9E7}.Debug|x64.Build.0 = Debug|Any CPU
		{7A164A22-14D0-4428-B9D1-8C5E38A2C9E7}.Debug|x86.ActiveCfg = Debug|Any CPU
		{7A164A22-14D0-4428-B9D1-8C5E38A2C9E7}.Debug|x86.Build.0 = Debug|Any CPU
		{7A164A22-14D0-4428-B9D1-8C5E38A2C9E7}.Release|Any CPU.ActiveCfg = Release|Any CPU
		{7A164A22-14D0-4428-B9D1-8C5E38A2C9E7}.Release|Any CPU.Build.0 = Release|Any CPU
		{7A164A22-14D0-4428-B9D1-8C5E38A2C9E7}.Release|x64.ActiveCfg = Release|Any CPU
		{7A164A22-14D0-4428-B9D1-8C5E38A2C9E7}.Release|x64.Build.0 = Release|Any CPU
		{7A164A22-14D0-4428-B9D1-8C5E38A2C9E7}.Release|x86.ActiveCfg = Release|Any CPU
		{7A164A22-14D0-4428-B9D1-8C5E38A2C9E7}.Release|x86.Build.0 = Release|Any CPU
		{A310BAA5-435E-480C-91E0-250FDA447E49}.Debug|Any CPU.ActiveCfg = Debug|Any CPU
		{A310BAA5-435E-480C-91E0-250FDA447E49}.Debug|Any CPU.Build.0 = Debug|Any CPU
		{A310BAA5-435E-480C-91E0-250FDA447E49}.Debug|x64.ActiveCfg = Debug|Any CPU
		{A310BAA5-435E-480C-91E0-250FDA447E49}.Debug|x64.Build.0 = Debug|Any CPU
		{A310BAA5-435E-480C-91E0-250FDA447E49}.Debug|x86.ActiveCfg = Debug|Any CPU
		{A310BAA5-435E-480C-91E0-250FDA447E49}.Debug|x86.Build.0 = Debug|Any CPU
		{A310BAA5-435E-480C-91E0-250FDA447E49}.Release|Any CPU.ActiveCfg = Release|Any CPU
		{A310BAA5-435E-480C-91E0-250FDA447E49}.Release|Any CPU.Build.0 = Release|Any CPU
		{A310BAA5-435E-480C-91E0-250FDA447E49}.Release|x64.ActiveCfg = Release|Any CPU
		{A310BAA5-435E-480C-91E0-250FDA447E49}.Release|x64.Build.0 = Release|Any CPU
		{A310BAA5-435E-480C-91E0-250FDA447E49}.Release|x86.ActiveCfg = Release|Any CPU
		{A310BAA5-435E-480C-91E0-250FDA447E49}.Release|x86.Build.0 = Release|Any CPU
		{18BDDC32-0933-4E5D-A887-4E8CBED395F2}.Debug|Any CPU.ActiveCfg = Debug|Any CPU
		{18BDDC32-0933-4E5D-A887-4E8CBED395F2}.Debug|Any CPU.Build.0 = Debug|Any CPU
		{18BDDC32-0933-4E5D-A887-4E8CBED395F2}.Debug|x64.ActiveCfg = Debug|Any CPU
		{18BDDC32-0933-4E5D-A887-4E8CBED395F2}.Debug|x64.Build.0 = Debug|Any CPU
		{18BDDC32-0933-4E5D-A887-4E8CBED395F2}.Debug|x86.ActiveCfg = Debug|Any CPU
		{18BDDC32-0933-4E5D-A887-4E8CBED395F2}.Debug|x86.Build.0 = Debug|Any CPU
		{18BDDC32-0933-4E5D-A887-4E8CBED395F2}.Release|Any CPU.ActiveCfg = Release|Any CPU
		{18BDDC32-0933-4E5D-A887-4E8CBED395F2}.Release|Any CPU.Build.0 = Release|Any CPU
		{18BDDC32-0933-4E5D-A887-4E8CBED395F2}.Release|x64.ActiveCfg = Release|Any CPU
		{18BDDC32-0933-4E5D-A887-4E8CBED395F2}.Release|x64.Build.0 = Release|Any CPU
		{18BDDC32-0933-4E5D-A887-4E8CBED395F2}.Release|x86.ActiveCfg = Release|Any CPU
		{18BDDC32-0933-4E5D-A887-4E8CBED395F2}.Release|x86.Build.0 = Release|Any CPU
		{85407BB1-83D8-4208-BCF4-480F3A0C87D9}.Debug|Any CPU.ActiveCfg = Debug|Any CPU
		{85407BB1-83D8-4208-BCF4-480F3A0C87D9}.Debug|Any CPU.Build.0 = Debug|Any CPU
		{85407BB1-83D8-4208-BCF4-480F3A0C87D9}.Debug|x64.ActiveCfg = Debug|Any CPU
		{85407BB1-83D8-4208-BCF4-480F3A0C87D9}.Debug|x64.Build.0 = Debug|Any CPU
		{85407BB1-83D8-4208-BCF4-480F3A0C87D9}.Debug|x86.ActiveCfg = Debug|Any CPU
		{85407BB1-83D8-4208-BCF4-480F3A0C87D9}.Debug|x86.Build.0 = Debug|Any CPU
		{85407BB1-83D8-4208-BCF4-480F3A0C87D9}.Release|Any CPU.ActiveCfg = Release|Any CPU
		{85407BB1-83D8-4208-BCF4-480F3A0C87D9}.Release|Any CPU.Build.0 = Release|Any CPU
		{85407BB1-83D8-4208-BCF4-480F3A0C87D9}.Release|x64.ActiveCfg = Release|Any CPU
		{85407BB1-83D8-4208-BCF4-480F3A0C87D9}.Release|x64.Build.0 = Release|Any CPU
		{85407BB1-83D8-4208-BCF4-480F3A0C87D9}.Release|x86.ActiveCfg = Release|Any CPU
		{85407BB1-83D8-4208-BCF4-480F3A0C87D9}.Release|x86.Build.0 = Release|Any CPU
		{094DA2F6-DE14-4FB1-B28C-3B1AEBD54135}.Debug|Any CPU.ActiveCfg = Debug|Any CPU
		{094DA2F6-DE14-4FB1-B28C-3B1AEBD54135}.Debug|Any CPU.Build.0 = Debug|Any CPU
		{094DA2F6-DE14-4FB1-B28C-3B1AEBD54135}.Debug|x64.ActiveCfg = Debug|Any CPU
		{094DA2F6-DE14-4FB1-B28C-3B1AEBD54135}.Debug|x64.Build.0 = Debug|Any CPU
		{094DA2F6-DE14-4FB1-B28C-3B1AEBD54135}.Debug|x86.ActiveCfg = Debug|Any CPU
		{094DA2F6-DE14-4FB1-B28C-3B1AEBD54135}.Debug|x86.Build.0 = Debug|Any CPU
		{094DA2F6-DE14-4FB1-B28C-3B1AEBD54135}.Release|Any CPU.ActiveCfg = Release|Any CPU
		{094DA2F6-DE14-4FB1-B28C-3B1AEBD54135}.Release|Any CPU.Build.0 = Release|Any CPU
		{094DA2F6-DE14-4FB1-B28C-3B1AEBD54135}.Release|x64.ActiveCfg = Release|Any CPU
		{094DA2F6-DE14-4FB1-B28C-3B1AEBD54135}.Release|x64.Build.0 = Release|Any CPU
		{094DA2F6-DE14-4FB1-B28C-3B1AEBD54135}.Release|x86.ActiveCfg = Release|Any CPU
		{094DA2F6-DE14-4FB1-B28C-3B1AEBD54135}.Release|x86.Build.0 = Release|Any CPU
	EndGlobalSection
	GlobalSection(SolutionProperties) = preSolution
		HideSolutionNode = FALSE
	EndGlobalSection
EndGlobal
